
Microsoft Visual Studio Solution File, Format Version 12.00
# Visual Studio Version 16
VisualStudioVersion = 16.0.31515.178
MinimumVisualStudioVersion = 10.0.40219.1
Project("{FAE04EC0-301F-11D3-BF4B-00C04F79EFBC}") = "Worker", "Worker\Worker.csproj", "{DDE3A85D-E666-49D5-9610-38C052BAD852}"
EndProject
Global
	GlobalSection(SolutionConfigurationPlatforms) = preSolution
		Debug|Any CPU = Debug|Any CPU
		Release|Any CPU = Release|Any CPU
	EndGlobalSection
	GlobalSection(ProjectConfigurationPlatforms) = postSolution
		{DDE3A85D-E666-49D5-9610-38C052BAD852}.Debug|Any CPU.ActiveCfg = Debug|Any CPU
		{DDE3A85D-E666-49D5-9610-38C052BAD852}.Debug|Any CPU.Build.0 = Debug|Any CPU
		{DDE3A85D-E666-49D5-9610-38C052BAD852}.Release|Any CPU.ActiveCfg = Release|Any CPU
		{DDE3A85D-E666-49D5-9610-38C052BAD852}.Release|Any CPU.Build.0 = Release|Any CPU
	EndGlobalSection
	GlobalSection(SolutionProperties) = preSolution
		HideSolutionNode = FALSE
	EndGlobalSection
	GlobalSection(ExtensibilityGlobals) = postSolution
		SolutionGuid = {9A00F309-D372-470D-86A9-BE9F99A6B039}
	EndGlobalSection
EndGlobal
